
Microsoft Visual Studio Solution File, Format Version 12.00
# Visual Studio Version 16
VisualStudioVersion = 16.0.31624.102
MinimumVisualStudioVersion = 10.0.40219.1
Project("{8BC9CEB8-8B4A-11D0-8D11-00A0C91BC942}") = "ConsoleApplication88", "ConsoleApplication88\ConsoleApplication88.vcxproj", "{77A76A97-00C6-42E4-8456-D3EFD627D203}"
EndProject
Global
	GlobalSection(SolutionConfigurationPlatforms) = preSolution
		Debug|x64 = Debug|x64
		Debug|x86 = Debug|x86
		Release|x64 = Release|x64
		Release|x86 = Release|x86
	EndGlobalSection
	GlobalSection(ProjectConfigurationPlatforms) = postSolution
		{77A76A97-00C6-42E4-8456-D3EFD627D203}.Debug|x64.ActiveCfg = Debug|x64
		{77A76A97-00C6-42E4-8456-D3EFD627D203}.Debug|x64.Build.0 = Debug|x64
		{77A76A97-00C6-42E4-8456-D3EFD627D203}.Debug|x86.ActiveCfg = Debug|Win32
		{77A76A97-00C6-42E4-8456-D3EFD627D203}.Debug|x86.Build.0 = Debug|Win32
		{77A76A97-00C6-42E4-8456-D3EFD627D203}.Release|x64.ActiveCfg = Release|x64
		{77A76A97-00C6-42E4-8456-D3EFD627D203}.Release|x64.Build.0 = Release|x64
		{77A76A97-00C6-42E4-8456-D3EFD627D203}.Release|x86.ActiveCfg = Release|Win32
		{77A76A97-00C6-42E4-8456-D3EFD627D203}.Release|x86.Build.0 = Release|Win32
	EndGlobalSection
	GlobalSection(SolutionProperties) = preSolution
		HideSolutionNode = FALSE
	EndGlobalSection
	GlobalSection(ExtensibilityGlobals) = postSolution
		SolutionGuid = {3D429ABF-7A0E-4BBB-ADC5-F597CAD3D324}
	EndGlobalSection
EndGlobal
